// !$*UTF8*$!
{
	archiveVersion = 1;
	classes = {
	};
	objectVersion = 46;
	objects = {

/* Begin PBXBuildFile section */
		FB0EF8AC1C927488004F34DE /* YSWeiboTool.m in Sources */ = {isa = PBXBuildFile; fileRef = FB0EF8AB1C927488004F34DE /* YSWeiboTool.m */; };
		FB23299F1C98F7990040E15F /* YSPhotoViewController.m in Sources */ = {isa = PBXBuildFile; fileRef = FB23299D1C98F7990040E15F /* YSPhotoViewController.m */; };
		FB2329A01C98F7990040E15F /* YSPhotoViewController.xib in Resources */ = {isa = PBXBuildFile; fileRef = FB23299E1C98F7990040E15F /* YSPhotoViewController.xib */; };
		FB2329A41C98F7F40040E15F /* YSNewsViewController.m in Sources */ = {isa = PBXBuildFile; fileRef = FB2329A21C98F7F40040E15F /* YSNewsViewController.m */; };
		FB2329A51C98F7F40040E15F /* YSNewsViewController.xib in Resources */ = {isa = PBXBuildFile; fileRef = FB2329A31C98F7F40040E15F /* YSNewsViewController.xib */; };
		FB2329AE1C9996EA0040E15F /* YSNetworkTool.m in Sources */ = {isa = PBXBuildFile; fileRef = FB2329AD1C9996EA0040E15F /* YSNetworkTool.m */; };
		FB2329B11C9A4E2C0040E15F /* UIView+Extension.m in Sources */ = {isa = PBXBuildFile; fileRef = FB2329B01C9A4E2C0040E15F /* UIView+Extension.m */; };
		FB2329B41C9A4FFD0040E15F /* UIBarButtonItem+Extension.m in Sources */ = {isa = PBXBuildFile; fileRef = FB2329B31C9A4FFD0040E15F /* UIBarButtonItem+Extension.m */; };
		FB2329B71C9A59F30040E15F /* NSDate+SQ.m in Sources */ = {isa = PBXBuildFile; fileRef = FB2329B61C9A59F30040E15F /* NSDate+SQ.m */; };
		FB2329C01C9A99650040E15F /* YSSearchBar.m in Sources */ = {isa = PBXBuildFile; fileRef = FB2329BF1C9A99650040E15F /* YSSearchBar.m */; };
		FB2329C31C9A9B0A0040E15F /* YSDropDownMenu.m in Sources */ = {isa = PBXBuildFile; fileRef = FB2329C21C9A9B0A0040E15F /* YSDropDownMenu.m */; };
		FB2329C71C9A9C590040E15F /* YSTitleMenuViewController.m in Sources */ = {isa = PBXBuildFile; fileRef = FB2329C61C9A9C590040E15F /* YSTitleMenuViewController.m */; };
		FB2329CA1C9AAF530040E15F /* YSRightButtonViewController.m in Sources */ = {isa = PBXBuildFile; fileRef = FB2329C91C9AAF530040E15F /* YSRightButtonViewController.m */; };
		FB2329CE1C9AB8600040E15F /* YSNewfeatureViewController.m in Sources */ = {isa = PBXBuildFile; fileRef = FB2329CD1C9AB8600040E15F /* YSNewfeatureViewController.m */; };
		FB2329D31C9BC9860040E15F /* YSMeSetViewController.m in Sources */ = {isa = PBXBuildFile; fileRef = FB2329D11C9BC9860040E15F /* YSMeSetViewController.m */; };
		FB2329D41C9BC9860040E15F /* YSMeSetViewController.xib in Resources */ = {isa = PBXBuildFile; fileRef = FB2329D21C9BC9860040E15F /* YSMeSetViewController.xib */; };
		FB807E381C925657000A1919 /* Storyboard.storyboard in Resources */ = {isa = PBXBuildFile; fileRef = FB807E371C925657000A1919 /* Storyboard.storyboard */; };
		FB91E2E11C928E9200EA5C18 /* YSShareViewController.m in Sources */ = {isa = PBXBuildFile; fileRef = FB91E2DF1C928E9200EA5C18 /* YSShareViewController.m */; };
		FB91E2E21C928E9200EA5C18 /* YSShareViewController.xib in Resources */ = {isa = PBXBuildFile; fileRef = FB91E2E01C928E9200EA5C18 /* YSShareViewController.xib */; };
		FB96F91C1C96E4DF00C21C8A /* YSCommentViewController.m in Sources */ = {isa = PBXBuildFile; fileRef = FB96F91B1C96E4DF00C21C8A /* YSCommentViewController.m */; };
		FB96F9201C96F9A100C21C8A /* YSRepostsViewController.m in Sources */ = {isa = PBXBuildFile; fileRef = FB96F91F1C96F9A100C21C8A /* YSRepostsViewController.m */; };
		FB96F9231C96F9BA00C21C8A /* YSAttitudesViewController.m in Sources */ = {isa = PBXBuildFile; fileRef = FB96F9221C96F9BA00C21C8A /* YSAttitudesViewController.m */; };
		FB96F9271C98306C00C21C8A /* LBProgressHUD.m in Sources */ = {isa = PBXBuildFile; fileRef = FB96F9261C98306C00C21C8A /* LBProgressHUD.m */; };
		FB96F92B1C983FEA00C21C8A /* YSAddMoreViewController.m in Sources */ = {isa = PBXBuildFile; fileRef = FB96F9291C983FEA00C21C8A /* YSAddMoreViewController.m */; };
		FB96F92C1C983FEA00C21C8A /* YSAddMoreViewController.xib in Resources */ = {isa = PBXBuildFile; fileRef = FB96F92A1C983FEA00C21C8A /* YSAddMoreViewController.xib */; };
		FBD40DF71C8D7CC0006B7404 /* main.m in Sources */ = {isa = PBXBuildFile; fileRef = FBD40DF61C8D7CC0006B7404 /* main.m */; };
		FBD40DFA1C8D7CC0006B7404 /* AppDelegate.m in Sources */ = {isa = PBXBuildFile; fileRef = FBD40DF91C8D7CC0006B7404 /* AppDelegate.m */; };
		FBD40E021C8D7CC0006B7404 /* Assets.xcassets in Resources */ = {isa = PBXBuildFile; fileRef = FBD40E011C8D7CC0006B7404 /* Assets.xcassets */; };
		FBD40E051C8D7CC0006B7404 /* LaunchScreen.storyboard in Resources */ = {isa = PBXBuildFile; fileRef = FBD40E031C8D7CC0006B7404 /* LaunchScreen.storyboard */; };
		FBD40E101C8D7CC0006B7404 /* YUSIR_____2_0Tests.m in Sources */ = {isa = PBXBuildFile; fileRef = FBD40E0F1C8D7CC0006B7404 /* YUSIR_____2_0Tests.m */; };
		FBD40E1B1C8D7CC0006B7404 /* YUSIR_____2_0UITests.m in Sources */ = {isa = PBXBuildFile; fileRef = FBD40E1A1C8D7CC0006B7404 /* YUSIR_____2_0UITests.m */; };
		FBD40E3A1C8DA726006B7404 /* YSOAuth2ViewController.m in Sources */ = {isa = PBXBuildFile; fileRef = FBD40E381C8DA726006B7404 /* YSOAuth2ViewController.m */; };
		FBD40E3B1C8DA726006B7404 /* YSOAuth2ViewController.xib in Resources */ = {isa = PBXBuildFile; fileRef = FBD40E391C8DA726006B7404 /* YSOAuth2ViewController.xib */; };
		FBD40E411C8DAF57006B7404 /* YSAccount.m in Sources */ = {isa = PBXBuildFile; fileRef = FBD40E401C8DAF57006B7404 /* YSAccount.m */; };
		FBD40E441C8DB065006B7404 /* YSAccountTool.m in Sources */ = {isa = PBXBuildFile; fileRef = FBD40E431C8DB065006B7404 /* YSAccountTool.m */; };
		FBD40E4D1C8DB4C4006B7404 /* YSHomeViewController.m in Sources */ = {isa = PBXBuildFile; fileRef = FBD40E4C1C8DB4C4006B7404 /* YSHomeViewController.m */; };
		FBD40E501C8E68E8006B7404 /* YSWeiboInfo.m in Sources */ = {isa = PBXBuildFile; fileRef = FBD40E4F1C8E68E8006B7404 /* YSWeiboInfo.m */; };
		FBD40E541C8E6DE5006B7404 /* YSWeiboInfoTableViewCell.m in Sources */ = {isa = PBXBuildFile; fileRef = FBD40E521C8E6DE5006B7404 /* YSWeiboInfoTableViewCell.m */; };
		FBD40E551C8E6DE5006B7404 /* YSWeiboInfoTableViewCell.xib in Resources */ = {isa = PBXBuildFile; fileRef = FBD40E531C8E6DE5006B7404 /* YSWeiboInfoTableViewCell.xib */; };
		FBD40E671C902AC7006B7404 /* YSTabBarViewController.m in Sources */ = {isa = PBXBuildFile; fileRef = FBD40E661C902AC7006B7404 /* YSTabBarViewController.m */; };
		FBD40E6A1C902AFB006B7404 /* YSNavigationViewController.m in Sources */ = {isa = PBXBuildFile; fileRef = FBD40E691C902AFB006B7404 /* YSNavigationViewController.m */; };
		FBD40E6F1C903517006B7404 /* YSDiscoveryViewController.m in Sources */ = {isa = PBXBuildFile; fileRef = FBD40E6E1C903517006B7404 /* YSDiscoveryViewController.m */; };
		FBD40E731C90393D006B7404 /* YSMeViewController.m in Sources */ = {isa = PBXBuildFile; fileRef = FBD40E721C90393D006B7404 /* YSMeViewController.m */; };
		FBD40E971C915FED006B7404 /* YSMessageViewController.m in Sources */ = {isa = PBXBuildFile; fileRef = FBD40E951C915FED006B7404 /* YSMessageViewController.m */; };
/* End PBXBuildFile section */

/* Begin PBXContainerItemProxy section */
		FBD40E0C1C8D7CC0006B7404 /* PBXContainerItemProxy */ = {
			isa = PBXContainerItemProxy;
			containerPortal = FBD40DEA1C8D7CC0006B7404 /* Project object */;
			proxyType = 1;
			remoteGlobalIDString = FBD40DF11C8D7CC0006B7404;
			remoteInfo = "YUSIR微博客户端2.0";
		};
		FBD40E171C8D7CC0006B7404 /* PBXContainerItemProxy */ = {
			isa = PBXContainerItemProxy;
			containerPortal = FBD40DEA1C8D7CC0006B7404 /* Project object */;
			proxyType = 1;
			remoteGlobalIDString = FBD40DF11C8D7CC0006B7404;
			remoteInfo = "YUSIR微博客户端2.0";
		};
/* End PBXContainerItemProxy section */

/* Begin PBXFileReference section */
		FB0EF8AA1C927488004F34DE /* YSWeiboTool.h */ = {isa = PBXFileReference; fileEncoding = 4; lastKnownFileType = sourcecode.c.h; path = YSWeiboTool.h; sourceTree = "<group>"; };
		FB0EF8AB1C927488004F34DE /* YSWeiboTool.m */ = {isa = PBXFileReference; fileEncoding = 4; lastKnownFileType = sourcecode.c.objc; path = YSWeiboTool.m; sourceTree = "<group>"; };
		FB23299C1C98F7990040E15F /* YSPhotoViewController.h */ = {isa = PBXFileReference; fileEncoding = 4; lastKnownFileType = sourcecode.c.h; path = YSPhotoViewController.h; sourceTree = "<group>"; };
		FB23299D1C98F7990040E15F /* YSPhotoViewController.m */ = {isa = PBXFileReference; fileEncoding = 4; lastKnownFileType = sourcecode.c.objc; path = YSPhotoViewController.m; sourceTree = "<group>"; };
		FB23299E1C98F7990040E15F /* YSPhotoViewController.xib */ = {isa = PBXFileReference; fileEncoding = 4; lastKnownFileType = file.xib; path = YSPhotoViewController.xib; sourceTree = "<group>"; };
		FB2329A11C98F7F40040E15F /* YSNewsViewController.h */ = {isa = PBXFileReference; fileEncoding = 4; lastKnownFileType = sourcecode.c.h; path = YSNewsViewController.h; sourceTree = "<group>"; };
		FB2329A21C98F7F40040E15F /* YSNewsViewController.m */ = {isa = PBXFileReference; fileEncoding = 4; lastKnownFileType = sourcecode.c.objc; path = YSNewsViewController.m; sourceTree = "<group>"; };
		FB2329A31C98F7F40040E15F /* YSNewsViewController.xib */ = {isa = PBXFileReference; fileEncoding = 4; lastKnownFileType = file.xib; path = YSNewsViewController.xib; sourceTree = "<group>"; };
		FB2329AA1C9996590040E15F /* YSCommandHeader.h */ = {isa = PBXFileReference; fileEncoding = 4; lastKnownFileType = sourcecode.c.h; path = YSCommandHeader.h; sourceTree = "<group>"; };
		FB2329AC1C9996EA0040E15F /* YSNetworkTool.h */ = {isa = PBXFileReference; fileEncoding = 4; lastKnownFileType = sourcecode.c.h; path = YSNetworkTool.h; sourceTree = "<group>"; };
		FB2329AD1C9996EA0040E15F /* YSNetworkTool.m */ = {isa = PBXFileReference; fileEncoding = 4; lastKnownFileType = sourcecode.c.objc; path = YSNetworkTool.m; sourceTree = "<group>"; };
		FB2329AF1C9A4E2C0040E15F /* UIView+Extension.h */ = {isa = PBXFileReference; fileEncoding = 4; lastKnownFileType = sourcecode.c.h; path = "UIView+Extension.h"; sourceTree = "<group>"; };
		FB2329B01C9A4E2C0040E15F /* UIView+Extension.m */ = {isa = PBXFileReference; fileEncoding = 4; lastKnownFileType = sourcecode.c.objc; path = "UIView+Extension.m"; sourceTree = "<group>"; };
		FB2329B21C9A4FFD0040E15F /* UIBarButtonItem+Extension.h */ = {isa = PBXFileReference; fileEncoding = 4; lastKnownFileType = sourcecode.c.h; path = "UIBarButtonItem+Extension.h"; sourceTree = "<group>"; };
		FB2329B31C9A4FFD0040E15F /* UIBarButtonItem+Extension.m */ = {isa = PBXFileReference; fileEncoding = 4; lastKnownFileType = sourcecode.c.objc; path = "UIBarButtonItem+Extension.m"; sourceTree = "<group>"; };
		FB2329B51C9A59F30040E15F /* NSDate+SQ.h */ = {isa = PBXFileReference; fileEncoding = 4; lastKnownFileType = sourcecode.c.h; path = "NSDate+SQ.h"; sourceTree = "<group>"; };
		FB2329B61C9A59F30040E15F /* NSDate+SQ.m */ = {isa = PBXFileReference; fileEncoding = 4; lastKnownFileType = sourcecode.c.objc; path = "NSDate+SQ.m"; sourceTree = "<group>"; };
		FB2329BE1C9A99650040E15F /* YSSearchBar.h */ = {isa = PBXFileReference; fileEncoding = 4; lastKnownFileType = sourcecode.c.h; path = YSSearchBar.h; sourceTree = "<group>"; };
		FB2329BF1C9A99650040E15F /* YSSearchBar.m */ = {isa = PBXFileReference; fileEncoding = 4; lastKnownFileType = sourcecode.c.objc; path = YSSearchBar.m; sourceTree = "<group>"; };
		FB2329C11C9A9B0A0040E15F /* YSDropDownMenu.h */ = {isa = PBXFileReference; fileEncoding = 4; lastKnownFileType = sourcecode.c.h; path = YSDropDownMenu.h; sourceTree = "<group>"; };
		FB2329C21C9A9B0A0040E15F /* YSDropDownMenu.m */ = {isa = PBXFileReference; fileEncoding = 4; lastKnownFileType = sourcecode.c.objc; path = YSDropDownMenu.m; sourceTree = "<group>"; };
		FB2329C51C9A9C590040E15F /* YSTitleMenuViewController.h */ = {isa = PBXFileReference; fileEncoding = 4; lastKnownFileType = sourcecode.c.h; path = YSTitleMenuViewController.h; sourceTree = "<group>"; };
		FB2329C61C9A9C590040E15F /* YSTitleMenuViewController.m */ = {isa = PBXFileReference; fileEncoding = 4; lastKnownFileType = sourcecode.c.objc; path = YSTitleMenuViewController.m; sourceTree = "<group>"; };
		FB2329C81C9AAF530040E15F /* YSRightButtonViewController.h */ = {isa = PBXFileReference; fileEncoding = 4; lastKnownFileType = sourcecode.c.h; path = YSRightButtonViewController.h; sourceTree = "<group>"; };
		FB2329C91C9AAF530040E15F /* YSRightButtonViewController.m */ = {isa = PBXFileReference; fileEncoding = 4; lastKnownFileType = sourcecode.c.objc; path = YSRightButtonViewController.m; sourceTree = "<group>"; };
		FB2329CC1C9AB8600040E15F /* YSNewfeatureViewController.h */ = {isa = PBXFileReference; fileEncoding = 4; lastKnownFileType = sourcecode.c.h; path = YSNewfeatureViewController.h; sourceTree = "<group>"; };
		FB2329CD1C9AB8600040E15F /* YSNewfeatureViewController.m */ = {isa = PBXFileReference; fileEncoding = 4; lastKnownFileType = sourcecode.c.objc; path = YSNewfeatureViewController.m; sourceTree = "<group>"; };
		FB2329D01C9BC9860040E15F /* YSMeSetViewController.h */ = {isa = PBXFileReference; fileEncoding = 4; lastKnownFileType = sourcecode.c.h; path = YSMeSetViewController.h; sourceTree = "<group>"; };
		FB2329D11C9BC9860040E15F /* YSMeSetViewController.m */ = {isa = PBXFileReference; fileEncoding = 4; lastKnownFileType = sourcecode.c.objc; path = YSMeSetViewController.m; sourceTree = "<group>"; };
		FB2329D21C9BC9860040E15F /* YSMeSetViewController.xib */ = {isa = PBXFileReference; fileEncoding = 4; lastKnownFileType = file.xib; path = YSMeSetViewController.xib; sourceTree = "<group>"; };
		FB807E371C925657000A1919 /* Storyboard.storyboard */ = {isa = PBXFileReference; fileEncoding = 4; lastKnownFileType = file.storyboard; path = Storyboard.storyboard; sourceTree = "<group>"; };
		FB91E2DE1C928E9200EA5C18 /* YSShareViewController.h */ = {isa = PBXFileReference; fileEncoding = 4; lastKnownFileType = sourcecode.c.h; path = YSShareViewController.h; sourceTree = "<group>"; };
		FB91E2DF1C928E9200EA5C18 /* YSShareViewController.m */ = {isa = PBXFileReference; fileEncoding = 4; lastKnownFileType = sourcecode.c.objc; path = YSShareViewController.m; sourceTree = "<group>"; };
		FB91E2E01C928E9200EA5C18 /* YSShareViewController.xib */ = {isa = PBXFileReference; fileEncoding = 4; lastKnownFileType = file.xib; path = YSShareViewController.xib; sourceTree = "<group>"; };
		FB96F91A1C96E4DF00C21C8A /* YSCommentViewController.h */ = {isa = PBXFileReference; fileEncoding = 4; lastKnownFileType = sourcecode.c.h; path = YSCommentViewController.h; sourceTree = "<group>"; };
		FB96F91B1C96E4DF00C21C8A /* YSCommentViewController.m */ = {isa = PBXFileReference; fileEncoding = 4; lastKnownFileType = sourcecode.c.objc; path = YSCommentViewController.m; sourceTree = "<group>"; };
		FB96F91E1C96F9A100C21C8A /* YSRepostsViewController.h */ = {isa = PBXFileReference; fileEncoding = 4; lastKnownFileType = sourcecode.c.h; path = YSRepostsViewController.h; sourceTree = "<group>"; };
		FB96F91F1C96F9A100C21C8A /* YSRepostsViewController.m */ = {isa = PBXFileReference; fileEncoding = 4; lastKnownFileType = sourcecode.c.objc; path = YSRepostsViewController.m; sourceTree = "<group>"; };
		FB96F9211C96F9BA00C21C8A /* YSAttitudesViewController.h */ = {isa = PBXFileReference; fileEncoding = 4; lastKnownFileType = sourcecode.c.h; path = YSAttitudesViewController.h; sourceTree = "<group>"; };
		FB96F9221C96F9BA00C21C8A /* YSAttitudesViewController.m */ = {isa = PBXFileReference; fileEncoding = 4; lastKnownFileType = sourcecode.c.objc; path = YSAttitudesViewController.m; sourceTree = "<group>"; };
		FB96F9251C98306C00C21C8A /* LBProgressHUD.h */ = {isa = PBXFileReference; fileEncoding = 4; lastKnownFileType = sourcecode.c.h; path = LBProgressHUD.h; sourceTree = "<group>"; };
		FB96F9261C98306C00C21C8A /* LBProgressHUD.m */ = {isa = PBXFileReference; fileEncoding = 4; lastKnownFileType = sourcecode.c.objc; path = LBProgressHUD.m; sourceTree = "<group>"; };
		FB96F9281C983FEA00C21C8A /* YSAddMoreViewController.h */ = {isa = PBXFileReference; fileEncoding = 4; lastKnownFileType = sourcecode.c.h; path = YSAddMoreViewController.h; sourceTree = "<group>"; };
		FB96F9291C983FEA00C21C8A /* YSAddMoreViewController.m */ = {isa = PBXFileReference; fileEncoding = 4; lastKnownFileType = sourcecode.c.objc; path = YSAddMoreViewController.m; sourceTree = "<group>"; };
		FB96F92A1C983FEA00C21C8A /* YSAddMoreViewController.xib */ = {isa = PBXFileReference; fileEncoding = 4; lastKnownFileType = file.xib; path = YSAddMoreViewController.xib; sourceTree = "<group>"; };
		FBD40DF21C8D7CC0006B7404 /* YUSIR微博客户端2.0.app */ = {isa = PBXFileReference; explicitFileType = wrapper.application; includeInIndex = 0; path = "YUSIR微博客户端2.0.app"; sourceTree = BUILT_PRODUCTS_DIR; };
		FBD40DF61C8D7CC0006B7404 /* main.m */ = {isa = PBXFileReference; lastKnownFileType = sourcecode.c.objc; path = main.m; sourceTree = "<group>"; };
		FBD40DF81C8D7CC0006B7404 /* AppDelegate.h */ = {isa = PBXFileReference; lastKnownFileType = sourcecode.c.h; path = AppDelegate.h; sourceTree = "<group>"; };
		FBD40DF91C8D7CC0006B7404 /* AppDelegate.m */ = {isa = PBXFileReference; lastKnownFileType = sourcecode.c.objc; path = AppDelegate.m; sourceTree = "<group>"; };
		FBD40E011C8D7CC0006B7404 /* Assets.xcassets */ = {isa = PBXFileReference; lastKnownFileType = folder.assetcatalog; path = Assets.xcassets; sourceTree = "<group>"; };
		FBD40E041C8D7CC0006B7404 /* Base */ = {isa = PBXFileReference; lastKnownFileType = file.storyboard; name = Base; path = Base.lproj/LaunchScreen.storyboard; sourceTree = "<group>"; };
		FBD40E061C8D7CC0006B7404 /* Info.plist */ = {isa = PBXFileReference; lastKnownFileType = text.plist.xml; path = Info.plist; sourceTree = "<group>"; };
		FBD40E0B1C8D7CC0006B7404 /* YUSIR微博客户端2.0Tests.xctest */ = {isa = PBXFileReference; explicitFileType = wrapper.cfbundle; includeInIndex = 0; path = "YUSIR微博客户端2.0Tests.xctest"; sourceTree = BUILT_PRODUCTS_DIR; };
		FBD40E0F1C8D7CC0006B7404 /* YUSIR_____2_0Tests.m */ = {isa = PBXFileReference; lastKnownFileType = sourcecode.c.objc; path = "YUSIR_____2_0Tests.m"; sourceTree = "<group>"; };
		FBD40E111C8D7CC0006B7404 /* Info.plist */ = {isa = PBXFileReference; lastKnownFileType = text.plist.xml; path = Info.plist; sourceTree = "<group>"; };
		FBD40E161C8D7CC0006B7404 /* YUSIR微博客户端2.0UITests.xctest */ = {isa = PBXFileReference; explicitFileType = wrapper.cfbundle; includeInIndex = 0; path = "YUSIR微博客户端2.0UITests.xctest"; sourceTree = BUILT_PRODUCTS_DIR; };
		FBD40E1A1C8D7CC0006B7404 /* YUSIR_____2_0UITests.m */ = {isa = PBXFileReference; lastKnownFileType = sourcecode.c.objc; path = "YUSIR_____2_0UITests.m"; sourceTree = "<group>"; };
		FBD40E1C1C8D7CC0006B7404 /* Info.plist */ = {isa = PBXFileReference; lastKnownFileType = text.plist.xml; path = Info.plist; sourceTree = "<group>"; };
		FBD40E371C8DA726006B7404 /* YSOAuth2ViewController.h */ = {isa = PBXFileReference; fileEncoding = 4; lastKnownFileType = sourcecode.c.h; path = YSOAuth2ViewController.h; sourceTree = "<group>"; };
		FBD40E381C8DA726006B7404 /* YSOAuth2ViewController.m */ = {isa = PBXFileReference; fileEncoding = 4; lastKnownFileType = sourcecode.c.objc; path = YSOAuth2ViewController.m; sourceTree = "<group>"; };
		FBD40E391C8DA726006B7404 /* YSOAuth2ViewController.xib */ = {isa = PBXFileReference; fileEncoding = 4; lastKnownFileType = file.xib; path = YSOAuth2ViewController.xib; sourceTree = "<group>"; };
		FBD40E3F1C8DAF57006B7404 /* YSAccount.h */ = {isa = PBXFileReference; fileEncoding = 4; lastKnownFileType = sourcecode.c.h; path = YSAccount.h; sourceTree = "<group>"; };
		FBD40E401C8DAF57006B7404 /* YSAccount.m */ = {isa = PBXFileReference; fileEncoding = 4; lastKnownFileType = sourcecode.c.objc; path = YSAccount.m; sourceTree = "<group>"; };
		FBD40E421C8DB065006B7404 /* YSAccountTool.h */ = {isa = PBXFileReference; fileEncoding = 4; lastKnownFileType = sourcecode.c.h; path = YSAccountTool.h; sourceTree = "<group>"; };
		FBD40E431C8DB065006B7404 /* YSAccountTool.m */ = {isa = PBXFileReference; fileEncoding = 4; lastKnownFileType = sourcecode.c.objc; path = YSAccountTool.m; sourceTree = "<group>"; };
		FBD40E4B1C8DB4C4006B7404 /* YSHomeViewController.h */ = {isa = PBXFileReference; fileEncoding = 4; lastKnownFileType = sourcecode.c.h; path = YSHomeViewController.h; sourceTree = "<group>"; };
		FBD40E4C1C8DB4C4006B7404 /* YSHomeViewController.m */ = {isa = PBXFileReference; fileEncoding = 4; lastKnownFileType = sourcecode.c.objc; path = YSHomeViewController.m; sourceTree = "<group>"; };
		FBD40E4E1C8E68E8006B7404 /* YSWeiboInfo.h */ = {isa = PBXFileReference; fileEncoding = 4; lastKnownFileType = sourcecode.c.h; path = YSWeiboInfo.h; sourceTree = "<group>"; };
		FBD40E4F1C8E68E8006B7404 /* YSWeiboInfo.m */ = {isa = PBXFileReference; fileEncoding = 4; lastKnownFileType = sourcecode.c.objc; path = YSWeiboInfo.m; sourceTree = "<group>"; };
		FBD40E511C8E6DE5006B7404 /* YSWeiboInfoTableViewCell.h */ = {isa = PBXFileReference; fileEncoding = 4; lastKnownFileType = sourcecode.c.h; path = YSWeiboInfoTableViewCell.h; sourceTree = "<group>"; };
		FBD40E521C8E6DE5006B7404 /* YSWeiboInfoTableViewCell.m */ = {isa = PBXFileReference; fileEncoding = 4; lastKnownFileType = sourcecode.c.objc; path = YSWeiboInfoTableViewCell.m; sourceTree = "<group>"; };
		FBD40E531C8E6DE5006B7404 /* YSWeiboInfoTableViewCell.xib */ = {isa = PBXFileReference; fileEncoding = 4; lastKnownFileType = file.xib; path = YSWeiboInfoTableViewCell.xib; sourceTree = "<group>"; };
		FBD40E651C902AC7006B7404 /* YSTabBarViewController.h */ = {isa = PBXFileReference; fileEncoding = 4; lastKnownFileType = sourcecode.c.h; path = YSTabBarViewController.h; sourceTree = "<group>"; };
		FBD40E661C902AC7006B7404 /* YSTabBarViewController.m */ = {isa = PBXFileReference; fileEncoding = 4; lastKnownFileType = sourcecode.c.objc; path = YSTabBarViewController.m; sourceTree = "<group>"; };
		FBD40E681C902AFB006B7404 /* YSNavigationViewController.h */ = {isa = PBXFileReference; fileEncoding = 4; lastKnownFileType = sourcecode.c.h; path = YSNavigationViewController.h; sourceTree = "<group>"; };
		FBD40E691C902AFB006B7404 /* YSNavigationViewController.m */ = {isa = PBXFileReference; fileEncoding = 4; lastKnownFileType = sourcecode.c.objc; path = YSNavigationViewController.m; sourceTree = "<group>"; };
		FBD40E6D1C903517006B7404 /* YSDiscoveryViewController.h */ = {isa = PBXFileReference; fileEncoding = 4; lastKnownFileType = sourcecode.c.h; path = YSDiscoveryViewController.h; sourceTree = "<group>"; };
		FBD40E6E1C903517006B7404 /* YSDiscoveryViewController.m */ = {isa = PBXFileReference; fileEncoding = 4; lastKnownFileType = sourcecode.c.objc; path = YSDiscoveryViewController.m; sourceTree = "<group>"; };
		FBD40E711C90393D006B7404 /* YSMeViewController.h */ = {isa = PBXFileReference; fileEncoding = 4; lastKnownFileType = sourcecode.c.h; path = YSMeViewController.h; sourceTree = "<group>"; };
		FBD40E721C90393D006B7404 /* YSMeViewController.m */ = {isa = PBXFileReference; fileEncoding = 4; lastKnownFileType = sourcecode.c.objc; path = YSMeViewController.m; sourceTree = "<group>"; };
		FBD40E941C915FED006B7404 /* YSMessageViewController.h */ = {isa = PBXFileReference; fileEncoding = 4; lastKnownFileType = sourcecode.c.h; path = YSMessageViewController.h; sourceTree = "<group>"; };
		FBD40E951C915FED006B7404 /* YSMessageViewController.m */ = {isa = PBXFileReference; fileEncoding = 4; lastKnownFileType = sourcecode.c.objc; path = YSMessageViewController.m; sourceTree = "<group>"; };
/* End PBXFileReference section */

/* Begin PBXFrameworksBuildPhase section */
		FBD40DEF1C8D7CC0006B7404 /* Frameworks */ = {
			isa = PBXFrameworksBuildPhase;
			buildActionMask = 2147483647;
			files = (
			);
			runOnlyForDeploymentPostprocessing = 0;
		};
		FBD40E081C8D7CC0006B7404 /* Frameworks */ = {
			isa = PBXFrameworksBuildPhase;
			buildActionMask = 2147483647;
			files = (
			);
			runOnlyForDeploymentPostprocessing = 0;
		};
		FBD40E131C8D7CC0006B7404 /* Frameworks */ = {
			isa = PBXFrameworksBuildPhase;
			buildActionMask = 2147483647;
			files = (
			);
			runOnlyForDeploymentPostprocessing = 0;
		};
/* End PBXFrameworksBuildPhase section */

/* Begin PBXGroup section */
		FB23299B1C98F73D0040E15F /* morecontroller */ = {
			isa = PBXGroup;
			children = (
				FB91E2DE1C928E9200EA5C18 /* YSShareViewController.h */,
				FB91E2DF1C928E9200EA5C18 /* YSShareViewController.m */,
				FB91E2E01C928E9200EA5C18 /* YSShareViewController.xib */,
				FB23299C1C98F7990040E15F /* YSPhotoViewController.h */,
				FB23299D1C98F7990040E15F /* YSPhotoViewController.m */,
				FB23299E1C98F7990040E15F /* YSPhotoViewController.xib */,
				FB2329A11C98F7F40040E15F /* YSNewsViewController.h */,
				FB2329A21C98F7F40040E15F /* YSNewsViewController.m */,
				FB2329A31C98F7F40040E15F /* YSNewsViewController.xib */,
			);
			name = morecontroller;
			sourceTree = "<group>";
		};
		FB2329A61C993B780040E15F /* APP */ = {
			isa = PBXGroup;
			children = (
				FBD40DF81C8D7CC0006B7404 /* AppDelegate.h */,
				FBD40DF91C8D7CC0006B7404 /* AppDelegate.m */,
			);
			name = APP;
			sourceTree = "<group>";
		};
		FB2329AB1C9996B20040E15F /* YSTools */ = {
			isa = PBXGroup;
			children = (
				FB96F9241C98306C00C21C8A /* LBProgressHUD */,
				FB0EF8AA1C927488004F34DE /* YSWeiboTool.h */,
				FB0EF8AB1C927488004F34DE /* YSWeiboTool.m */,
				FB2329AA1C9996590040E15F /* YSCommandHeader.h */,
				FB2329AC1C9996EA0040E15F /* YSNetworkTool.h */,
				FB2329AD1C9996EA0040E15F /* YSNetworkTool.m */,
				FB2329B51C9A59F30040E15F /* NSDate+SQ.h */,
				FB2329B61C9A59F30040E15F /* NSDate+SQ.m */,
				FB2329AF1C9A4E2C0040E15F /* UIView+Extension.h */,
				FB2329B01C9A4E2C0040E15F /* UIView+Extension.m */,
				FB2329B21C9A4FFD0040E15F /* UIBarButtonItem+Extension.h */,
				FB2329B31C9A4FFD0040E15F /* UIBarButtonItem+Extension.m */,
			);
			name = YSTools;
			sourceTree = "<group>";
		};
		FB2329C41C9A9C1E0040E15F /* Tools */ = {
			isa = PBXGroup;
			children = (
				FB2329C11C9A9B0A0040E15F /* YSDropDownMenu.h */,
				FB2329C21C9A9B0A0040E15F /* YSDropDownMenu.m */,
			);
			name = Tools;
			sourceTree = "<group>";
		};
		FB2329CB1C9AB7BF0040E15F /* New Feature(新特性界面) */ = {
			isa = PBXGroup;
			children = (
				FB2329CC1C9AB8600040E15F /* YSNewfeatureViewController.h */,
				FB2329CD1C9AB8600040E15F /* YSNewfeatureViewController.m */,
			);
			name = "New Feature(新特性界面)";
			sourceTree = "<group>";
		};
		FB2329CF1C9BC9400040E15F /* childControllers */ = {
			isa = PBXGroup;
			children = (
				FB2329D01C9BC9860040E15F /* YSMeSetViewController.h */,
				FB2329D11C9BC9860040E15F /* YSMeSetViewController.m */,
				FB2329D21C9BC9860040E15F /* YSMeSetViewController.xib */,
			);
			name = childControllers;
			sourceTree = "<group>";
		};
		FB91E2DC1C928E0100EA5C18 /* more(+) */ = {
			isa = PBXGroup;
			children = (
				FB91E2DD1C928E3400EA5C18 /* Controller */,
			);
			name = "more(+)";
			sourceTree = "<group>";
		};
		FB91E2DD1C928E3400EA5C18 /* Controller */ = {
			isa = PBXGroup;
			children = (
				FB96F9281C983FEA00C21C8A /* YSAddMoreViewController.h */,
				FB96F9291C983FEA00C21C8A /* YSAddMoreViewController.m */,
				FB96F92A1C983FEA00C21C8A /* YSAddMoreViewController.xib */,
				FB23299B1C98F73D0040E15F /* morecontroller */,
			);
			name = Controller;
			sourceTree = "<group>";
		};
		FB96F91D1C96F96A00C21C8A /* 模态三功能视图 */ = {
			isa = PBXGroup;
			children = (
				FB96F91A1C96E4DF00C21C8A /* YSCommentViewController.h */,
				FB96F91B1C96E4DF00C21C8A /* YSCommentViewController.m */,
				FB96F91E1C96F9A100C21C8A /* YSRepostsViewController.h */,
				FB96F91F1C96F9A100C21C8A /* YSRepostsViewController.m */,
				FB96F9211C96F9BA00C21C8A /* YSAttitudesViewController.h */,
				FB96F9221C96F9BA00C21C8A /* YSAttitudesViewController.m */,
			);
			name = "模态三功能视图";
			sourceTree = "<group>";
		};
		FB96F9241C98306C00C21C8A /* LBProgressHUD */ = {
			isa = PBXGroup;
			children = (
				FB96F9251C98306C00C21C8A /* LBProgressHUD.h */,
				FB96F9261C98306C00C21C8A /* LBProgressHUD.m */,
			);
			path = LBProgressHUD;
			sourceTree = "<group>";
		};
		FBD40DE91C8D7CC0006B7404 = {
			isa = PBXGroup;
			children = (
				FBD40DF41C8D7CC0006B7404 /* YUSIR微博客户端2.0 */,
				FBD40E0E1C8D7CC0006B7404 /* YUSIR微博客户端2.0Tests */,
				FBD40E191C8D7CC0006B7404 /* YUSIR微博客户端2.0UITests */,
				FBD40DF31C8D7CC0006B7404 /* Products */,
			);
			sourceTree = "<group>";
		};
		FBD40DF31C8D7CC0006B7404 /* Products */ = {
			isa = PBXGroup;
			children = (
				FBD40DF21C8D7CC0006B7404 /* YUSIR微博客户端2.0.app */,
				FBD40E0B1C8D7CC0006B7404 /* YUSIR微博客户端2.0Tests.xctest */,
				FBD40E161C8D7CC0006B7404 /* YUSIR微博客户端2.0UITests.xctest */,
			);
			name = Products;
			sourceTree = "<group>";
		};
		FBD40DF41C8D7CC0006B7404 /* YUSIR微博客户端2.0 */ = {
			isa = PBXGroup;
			children = (
				FB807E371C925657000A1919 /* Storyboard.storyboard */,
				FB2329AB1C9996B20040E15F /* YSTools */,
				FB2329A61C993B780040E15F /* APP */,
				FBD40E631C902A43006B7404 /* Main */,
				FBD40E2D1C8D7F6F006B7404 /* OAuth2 */,
				FBD40E2C1C8D7F55006B7404 /* Home */,
				FBD40E2B1C8D7F51006B7404 /* Message */,
				FB91E2DC1C928E0100EA5C18 /* more(+) */,
				FBD40E2A1C8D7F4D006B7404 /* Discovery */,
				FBD40E291C8D7F48006B7404 /* Me */,
				FBD40E011C8D7CC0006B7404 /* Assets.xcassets */,
				FBD40E031C8D7CC0006B7404 /* LaunchScreen.storyboard */,
				FBD40E061C8D7CC0006B7404 /* Info.plist */,
				FBD40DF51C8D7CC0006B7404 /* Supporting Files */,
			);
			path = "YUSIR微博客户端2.0";
			sourceTree = "<group>";
		};
		FBD40DF51C8D7CC0006B7404 /* Supporting Files */ = {
			isa = PBXGroup;
			children = (
				FBD40DF61C8D7CC0006B7404 /* main.m */,
			);
			name = "Supporting Files";
			sourceTree = "<group>";
		};
		FBD40E0E1C8D7CC0006B7404 /* YUSIR微博客户端2.0Tests */ = {
			isa = PBXGroup;
			children = (
				FBD40E0F1C8D7CC0006B7404 /* YUSIR_____2_0Tests.m */,
				FBD40E111C8D7CC0006B7404 /* Info.plist */,
			);
			path = "YUSIR微博客户端2.0Tests";
			sourceTree = "<group>";
		};
		FBD40E191C8D7CC0006B7404 /* YUSIR微博客户端2.0UITests */ = {
			isa = PBXGroup;
			children = (
				FBD40E1A1C8D7CC0006B7404 /* YUSIR_____2_0UITests.m */,
				FBD40E1C1C8D7CC0006B7404 /* Info.plist */,
			);
			path = "YUSIR微博客户端2.0UITests";
			sourceTree = "<group>";
		};
		FBD40E291C8D7F48006B7404 /* Me */ = {
			isa = PBXGroup;
			children = (
				FBD40E701C903908006B7404 /* Controller */,
			);
			name = Me;
			sourceTree = "<group>";
		};
		FBD40E2A1C8D7F4D006B7404 /* Discovery */ = {
			isa = PBXGroup;
			children = (
				FBD40E6C1C9034BF006B7404 /* View */,
				FBD40E6B1C9034AE006B7404 /* Controller */,
			);
			name = Discovery;
			sourceTree = "<group>";
		};
		FBD40E2B1C8D7F51006B7404 /* Message */ = {
			isa = PBXGroup;
			children = (
				FBD40E5D1C900F0D006B7404 /* Controller */,
				FBD40E5C1C900EFC006B7404 /* View */,
				FBD40E5B1C900E55006B7404 /* Model */,
			);
			name = Message;
			sourceTree = "<group>";
		};
		FBD40E2C1C8D7F55006B7404 /* Home */ = {
			isa = PBXGroup;
			children = (
				FB2329C41C9A9C1E0040E15F /* Tools */,
				FBD40E4A1C8DB4A3006B7404 /* Controller */,
				FBD40E491C8DB494006B7404 /* Model */,
				FBD40E481C8DB483006B7404 /* View */,
			);
			name = Home;
			sourceTree = "<group>";
		};
		FBD40E2D1C8D7F6F006B7404 /* OAuth2 */ = {
			isa = PBXGroup;
			children = (
				FBD40E2E1C8D7FBD006B7404 /* Model */,
				FBD40E2F1C8D7FCC006B7404 /* Controller */,
				FBD40E301C8D7FF3006B7404 /* Tools */,
			);
			name = OAuth2;
			sourceTree = "<group>";
		};
		FBD40E2E1C8D7FBD006B7404 /* Model */ = {
			isa = PBXGroup;
			children = (
				FBD40E3F1C8DAF57006B7404 /* YSAccount.h */,
				FBD40E401C8DAF57006B7404 /* YSAccount.m */,
			);
			name = Model;
			sourceTree = "<group>";
		};
		FBD40E2F1C8D7FCC006B7404 /* Controller */ = {
			isa = PBXGroup;
			children = (
				FBD40E371C8DA726006B7404 /* YSOAuth2ViewController.h */,
				FBD40E381C8DA726006B7404 /* YSOAuth2ViewController.m */,
				FBD40E391C8DA726006B7404 /* YSOAuth2ViewController.xib */,
			);
			name = Controller;
			sourceTree = "<group>";
		};
		FBD40E301C8D7FF3006B7404 /* Tools */ = {
			isa = PBXGroup;
			children = (
				FBD40E421C8DB065006B7404 /* YSAccountTool.h */,
				FBD40E431C8DB065006B7404 /* YSAccountTool.m */,
			);
			name = Tools;
			sourceTree = "<group>";
		};
		FBD40E481C8DB483006B7404 /* View */ = {
			isa = PBXGroup;
			children = (
				FBD40E511C8E6DE5006B7404 /* YSWeiboInfoTableViewCell.h */,
				FBD40E521C8E6DE5006B7404 /* YSWeiboInfoTableViewCell.m */,
				FBD40E531C8E6DE5006B7404 /* YSWeiboInfoTableViewCell.xib */,
				FB2329C51C9A9C590040E15F /* YSTitleMenuViewController.h */,
				FB2329C61C9A9C590040E15F /* YSTitleMenuViewController.m */,
				FB2329C81C9AAF530040E15F /* YSRightButtonViewController.h */,
				FB2329C91C9AAF530040E15F /* YSRightButtonViewController.m */,
			);
			name = View;
			sourceTree = "<group>";
		};
		FBD40E491C8DB494006B7404 /* Model */ = {
			isa = PBXGroup;
			children = (
				FBD40E4E1C8E68E8006B7404 /* YSWeiboInfo.h */,
				FBD40E4F1C8E68E8006B7404 /* YSWeiboInfo.m */,
			);
			name = Model;
			sourceTree = "<group>";
		};
		FBD40E4A1C8DB4A3006B7404 /* Controller */ = {
			isa = PBXGroup;
			children = (
				FBD40E4B1C8DB4C4006B7404 /* YSHomeViewController.h */,
				FBD40E4C1C8DB4C4006B7404 /* YSHomeViewController.m */,
				FB96F91D1C96F96A00C21C8A /* 模态三功能视图 */,
			);
			name = Controller;
			sourceTree = "<group>";
		};
		FBD40E5B1C900E55006B7404 /* Model */ = {
			isa = PBXGroup;
			children = (
			);
			name = Model;
			sourceTree = "<group>";
		};
		FBD40E5C1C900EFC006B7404 /* View */ = {
			isa = PBXGroup;
			children = (
			);
			name = View;
			sourceTree = "<group>";
		};
		FBD40E5D1C900F0D006B7404 /* Controller */ = {
			isa = PBXGroup;
			children = (
				FBD40E941C915FED006B7404 /* YSMessageViewController.h */,
				FBD40E951C915FED006B7404 /* YSMessageViewController.m */,
			);
			name = Controller;
			sourceTree = "<group>";
		};
		FBD40E631C902A43006B7404 /* Main */ = {
			isa = PBXGroup;
			children = (
				FB2329CB1C9AB7BF0040E15F /* New Feature(新特性界面) */,
				FBD40E641C902A5B006B7404 /* Controller */,
			);
			name = Main;
			sourceTree = "<group>";
		};
		FBD40E641C902A5B006B7404 /* Controller */ = {
			isa = PBXGroup;
			children = (
				FBD40E651C902AC7006B7404 /* YSTabBarViewController.h */,
				FBD40E661C902AC7006B7404 /* YSTabBarViewController.m */,
				FBD40E681C902AFB006B7404 /* YSNavigationViewController.h */,
				FBD40E691C902AFB006B7404 /* YSNavigationViewController.m */,
			);
			name = Controller;
			sourceTree = "<group>";
		};
		FBD40E6B1C9034AE006B7404 /* Controller */ = {
			isa = PBXGroup;
			children = (
				FBD40E6D1C903517006B7404 /* YSDiscoveryViewController.h */,
				FBD40E6E1C903517006B7404 /* YSDiscoveryViewController.m */,
			);
			name = Controller;
			sourceTree = "<group>";
		};
		FBD40E6C1C9034BF006B7404 /* View */ = {
			isa = PBXGroup;
			children = (
				FB2329BE1C9A99650040E15F /* YSSearchBar.h */,
				FB2329BF1C9A99650040E15F /* YSSearchBar.m */,
			);
			name = View;
			sourceTree = "<group>";
		};
		FBD40E701C903908006B7404 /* Controller */ = {
			isa = PBXGroup;
			children = (
				FBD40E711C90393D006B7404 /* YSMeViewController.h */,
				FBD40E721C90393D006B7404 /* YSMeViewController.m */,
				FB2329CF1C9BC9400040E15F /* childControllers */,
			);
			name = Controller;
			sourceTree = "<group>";
		};
/* End PBXGroup section */

/* Begin PBXNativeTarget section */
		FBD40DF11C8D7CC0006B7404 /* YUSIR微博客户端2.0 */ = {
			isa = PBXNativeTarget;
			buildConfigurationList = FBD40E1F1C8D7CC0006B7404 /* Build configuration list for PBXNativeTarget "YUSIR微博客户端2.0" */;
			buildPhases = (
				FBD40DEE1C8D7CC0006B7404 /* Sources */,
				FBD40DEF1C8D7CC0006B7404 /* Frameworks */,
				FBD40DF01C8D7CC0006B7404 /* Resources */,
			);
			buildRules = (
			);
			dependencies = (
			);
			name = "YUSIR微博客户端2.0";
			productName = "YUSIR微博客户端2.0";
			productReference = FBD40DF21C8D7CC0006B7404 /* YUSIR微博客户端2.0.app */;
			productType = "com.apple.product-type.application";
		};
		FBD40E0A1C8D7CC0006B7404 /* YUSIR微博客户端2.0Tests */ = {
			isa = PBXNativeTarget;
			buildConfigurationList = FBD40E221C8D7CC0006B7404 /* Build configuration list for PBXNativeTarget "YUSIR微博客户端2.0Tests" */;
			buildPhases = (
				FBD40E071C8D7CC0006B7404 /* Sources */,
				FBD40E081C8D7CC0006B7404 /* Frameworks */,
				FBD40E091C8D7CC0006B7404 /* Resources */,
			);
			buildRules = (
			);
			dependencies = (
				FBD40E0D1C8D7CC0006B7404 /* PBXTargetDependency */,
			);
			name = "YUSIR微博客户端2.0Tests";
			productName = "YUSIR微博客户端2.0Tests";
			productReference = FBD40E0B1C8D7CC0006B7404 /* YUSIR微博客户端2.0Tests.xctest */;
			productType = "com.apple.product-type.bundle.unit-test";
		};
		FBD40E151C8D7CC0006B7404 /* YUSIR微博客户端2.0UITests */ = {
			isa = PBXNativeTarget;
			buildConfigurationList = FBD40E251C8D7CC0006B7404 /* Build configuration list for PBXNativeTarget "YUSIR微博客户端2.0UITests" */;
			buildPhases = (
				FBD40E121C8D7CC0006B7404 /* Sources */,
				FBD40E131C8D7CC0006B7404 /* Frameworks */,
				FBD40E141C8D7CC0006B7404 /* Resources */,
			);
			buildRules = (
			);
			dependencies = (
				FBD40E181C8D7CC0006B7404 /* PBXTargetDependency */,
			);
			name = "YUSIR微博客户端2.0UITests";
			productName = "YUSIR微博客户端2.0UITests";
			productReference = FBD40E161C8D7CC0006B7404 /* YUSIR微博客户端2.0UITests.xctest */;
			productType = "com.apple.product-type.bundle.ui-testing";
		};
/* End PBXNativeTarget section */

/* Begin PBXProject section */
		FBD40DEA1C8D7CC0006B7404 /* Project object */ = {
			isa = PBXProject;
			attributes = {
				CLASSPREFIX = YS;
				LastUpgradeCheck = 0720;
				ORGANIZATIONNAME = YUSIR;
				TargetAttributes = {
					FBD40DF11C8D7CC0006B7404 = {
						CreatedOnToolsVersion = 7.2;
						DevelopmentTeam = 3GE23NYEW6;
					};
					FBD40E0A1C8D7CC0006B7404 = {
						CreatedOnToolsVersion = 7.2;
						DevelopmentTeam = H2625W7SEG;
						TestTargetID = FBD40DF11C8D7CC0006B7404;
					};
					FBD40E151C8D7CC0006B7404 = {
						CreatedOnToolsVersion = 7.2;
						DevelopmentTeam = H2625W7SEG;
						TestTargetID = FBD40DF11C8D7CC0006B7404;
					};
				};
			};
			buildConfigurationList = FBD40DED1C8D7CC0006B7404 /* Build configuration list for PBXProject "YUSIR微博客户端2.0" */;
			compatibilityVersion = "Xcode 3.2";
			developmentRegion = English;
			hasScannedForEncodings = 0;
			knownRegions = (
				en,
				Base,
			);
			mainGroup = FBD40DE91C8D7CC0006B7404;
			productRefGroup = FBD40DF31C8D7CC0006B7404 /* Products */;
			projectDirPath = "";
			projectRoot = "";
			targets = (
				FBD40DF11C8D7CC0006B7404 /* YUSIR微博客户端2.0 */,
				FBD40E0A1C8D7CC0006B7404 /* YUSIR微博客户端2.0Tests */,
				FBD40E151C8D7CC0006B7404 /* YUSIR微博客户端2.0UITests */,
			);
		};
/* End PBXProject section */

/* Begin PBXResourcesBuildPhase section */
		FBD40DF01C8D7CC0006B7404 /* Resources */ = {
			isa = PBXResourcesBuildPhase;
			buildActionMask = 2147483647;
			files = (
				FB2329A51C98F7F40040E15F /* YSNewsViewController.xib in Resources */,
				FBD40E3B1C8DA726006B7404 /* YSOAuth2ViewController.xib in Resources */,
				FB96F92C1C983FEA00C21C8A /* YSAddMoreViewController.xib in Resources */,
				FBD40E051C8D7CC0006B7404 /* LaunchScreen.storyboard in Resources */,
				FBD40E551C8E6DE5006B7404 /* YSWeiboInfoTableViewCell.xib in Resources */,
				FBD40E021C8D7CC0006B7404 /* Assets.xcassets in Resources */,
				FB91E2E21C928E9200EA5C18 /* YSShareViewController.xib in Resources */,
				FB2329D41C9BC9860040E15F /* YSMeSetViewController.xib in Resources */,
				FB807E381C925657000A1919 /* Storyboard.storyboard in Resources */,
				FB2329A01C98F7990040E15F /* YSPhotoViewController.xib in Resources */,
			);
			runOnlyForDeploymentPostprocessing = 0;
		};
		FBD40E091C8D7CC0006B7404 /* Resources */ = {
			isa = PBXResourcesBuildPhase;
			buildActionMask = 2147483647;
			files = (
			);
			runOnlyForDeploymentPostprocessing = 0;
		};
		FBD40E141C8D7CC0006B7404 /* Resources */ = {
			isa = PBXResourcesBuildPhase;
			buildActionMask = 2147483647;
			files = (
			);
			runOnlyForDeploymentPostprocessing = 0;
		};
/* End PBXResourcesBuildPhase section */

/* Begin PBXSourcesBuildPhase section */
		FBD40DEE1C8D7CC0006B7404 /* Sources */ = {
			isa = PBXSourcesBuildPhase;
			buildActionMask = 2147483647;
			files = (
				FBD40E541C8E6DE5006B7404 /* YSWeiboInfoTableViewCell.m in Sources */,
				FBD40DFA1C8D7CC0006B7404 /* AppDelegate.m in Sources */,
				FB96F91C1C96E4DF00C21C8A /* YSCommentViewController.m in Sources */,
				FBD40E3A1C8DA726006B7404 /* YSOAuth2ViewController.m in Sources */,
				FB2329AE1C9996EA0040E15F /* YSNetworkTool.m in Sources */,
				FB2329CE1C9AB8600040E15F /* YSNewfeatureViewController.m in Sources */,
				FBD40E4D1C8DB4C4006B7404 /* YSHomeViewController.m in Sources */,
				FB2329B11C9A4E2C0040E15F /* UIView+Extension.m in Sources */,
				FBD40E971C915FED006B7404 /* YSMessageViewController.m in Sources */,
				FBD40E671C902AC7006B7404 /* YSTabBarViewController.m in Sources */,
				FB23299F1C98F7990040E15F /* YSPhotoViewController.m in Sources */,
				FB96F92B1C983FEA00C21C8A /* YSAddMoreViewController.m in Sources */,
				FB91E2E11C928E9200EA5C18 /* YSShareViewController.m in Sources */,
				FB2329B71C9A59F30040E15F /* NSDate+SQ.m in Sources */,
				FB96F9231C96F9BA00C21C8A /* YSAttitudesViewController.m in Sources */,
				FB96F9201C96F9A100C21C8A /* YSRepostsViewController.m in Sources */,
				FB2329C31C9A9B0A0040E15F /* YSDropDownMenu.m in Sources */,
				FBD40E6F1C903517006B7404 /* YSDiscoveryViewController.m in Sources */,
				FB2329C71C9A9C590040E15F /* YSTitleMenuViewController.m in Sources */,
				FBD40E6A1C902AFB006B7404 /* YSNavigationViewController.m in Sources */,
				FB2329CA1C9AAF530040E15F /* YSRightButtonViewController.m in Sources */,
				FB0EF8AC1C927488004F34DE /* YSWeiboTool.m in Sources */,
				FB2329A41C98F7F40040E15F /* YSNewsViewController.m in Sources */,
				FB2329C01C9A99650040E15F /* YSSearchBar.m in Sources */,
				FBD40E411C8DAF57006B7404 /* YSAccount.m in Sources */,
				FB96F9271C98306C00C21C8A /* LBProgressHUD.m in Sources */,
				FBD40E441C8DB065006B7404 /* YSAccountTool.m in Sources */,
				FB2329D31C9BC9860040E15F /* YSMeSetViewController.m in Sources */,
				FBD40E501C8E68E8006B7404 /* YSWeiboInfo.m in Sources */,
				FBD40E731C90393D006B7404 /* YSMeViewController.m in Sources */,
				FBD40DF71C8D7CC0006B7404 /* main.m in Sources */,
				FB2329B41C9A4FFD0040E15F /* UIBarButtonItem+Extension.m in Sources */,
			);
			runOnlyForDeploymentPostprocessing = 0;
		};
		FBD40E071C8D7CC0006B7404 /* Sources */ = {
			isa = PBXSourcesBuildPhase;
			buildActionMask = 2147483647;
			files = (
				FBD40E101C8D7CC0006B7404 /* YUSIR_____2_0Tests.m in Sources */,
			);
			runOnlyForDeploymentPostprocessing = 0;
		};
		FBD40E121C8D7CC0006B7404 /* Sources */ = {
			isa = PBXSourcesBuildPhase;
			buildActionMask = 2147483647;
			files = (
				FBD40E1B1C8D7CC0006B7404 /* YUSIR_____2_0UITests.m in Sources */,
			);
			runOnlyForDeploymentPostprocessing = 0;
		};
/* End PBXSourcesBuildPhase section */

/* Begin PBXTargetDependency section */
		FBD40E0D1C8D7CC0006B7404 /* PBXTargetDependency */ = {
			isa = PBXTargetDependency;
			target = FBD40DF11C8D7CC0006B7404 /* YUSIR微博客户端2.0 */;
			targetProxy = FBD40E0C1C8D7CC0006B7404 /* PBXContainerItemProxy */;
		};
		FBD40E181C8D7CC0006B7404 /* PBXTargetDependency */ = {
			isa = PBXTargetDependency;
			target = FBD40DF11C8D7CC0006B7404 /* YUSIR微博客户端2.0 */;
			targetProxy = FBD40E171C8D7CC0006B7404 /* PBXContainerItemProxy */;
		};
/* End PBXTargetDependency section */

/* Begin PBXVariantGroup section */
		FBD40E031C8D7CC0006B7404 /* LaunchScreen.storyboard */ = {
			isa = PBXVariantGroup;
			children = (
				FBD40E041C8D7CC0006B7404 /* Base */,
			);
			name = LaunchScreen.storyboard;
			sourceTree = "<group>";
		};
/* End PBXVariantGroup section */

/* Begin XCBuildConfiguration section */
		FBD40E1D1C8D7CC0006B7404 /* Debug */ = {
			isa = XCBuildConfiguration;
			buildSettings = {
				ALWAYS_SEARCH_USER_PATHS = NO;
				CLANG_CXX_LANGUAGE_STANDARD = "gnu++0x";
				CLANG_CXX_LIBRARY = "libc++";
				CLANG_ENABLE_MODULES = YES;
				CLANG_ENABLE_OBJC_ARC = YES;
				CLANG_WARN_BOOL_CONVERSION = YES;
				CLANG_WARN_CONSTANT_CONVERSION = YES;
				CLANG_WARN_DIRECT_OBJC_ISA_USAGE = YES_ERROR;
				CLANG_WARN_EMPTY_BODY = YES;
				CLANG_WARN_ENUM_CONVERSION = YES;
				CLANG_WARN_INT_CONVERSION = YES;
				CLANG_WARN_OBJC_ROOT_CLASS = YES_ERROR;
				CLANG_WARN_UNREACHABLE_CODE = YES;
				CLANG_WARN__DUPLICATE_METHOD_MATCH = YES;
				"CODE_SIGN_IDENTITY[sdk=iphoneos*]" = "iPhone Developer";
				COPY_PHASE_STRIP = NO;
				DEBUG_INFORMATION_FORMAT = dwarf;
				ENABLE_STRICT_OBJC_MSGSEND = YES;
				ENABLE_TESTABILITY = YES;
				GCC_C_LANGUAGE_STANDARD = gnu99;
				GCC_DYNAMIC_NO_PIC = NO;
				GCC_NO_COMMON_BLOCKS = YES;
				GCC_OPTIMIZATION_LEVEL = 0;
				GCC_PREPROCESSOR_DEFINITIONS = (
					"DEBUG=1",
					"$(inherited)",
				);
				GCC_WARN_64_TO_32_BIT_CONVERSION = YES;
				GCC_WARN_ABOUT_RETURN_TYPE = YES_ERROR;
				GCC_WARN_UNDECLARED_SELECTOR = YES;
				GCC_WARN_UNINITIALIZED_AUTOS = YES_AGGRESSIVE;
				GCC_WARN_UNUSED_FUNCTION = YES;
				GCC_WARN_UNUSED_VARIABLE = YES;
				IPHONEOS_DEPLOYMENT_TARGET = 9.2;
				MTL_ENABLE_DEBUG_INFO = YES;
				ONLY_ACTIVE_ARCH = YES;
				SDKROOT = iphoneos;
				TARGETED_DEVICE_FAMILY = "1,2";
			};
			name = Debug;
		};
		FBD40E1E1C8D7CC0006B7404 /* Release */ = {
			isa = XCBuildConfiguration;
			buildSettings = {
				ALWAYS_SEARCH_USER_PATHS = NO;
				CLANG_CXX_LANGUAGE_STANDARD = "gnu++0x";
				CLANG_CXX_LIBRARY = "libc++";
				CLANG_ENABLE_MODULES = YES;
				CLANG_ENABLE_OBJC_ARC = YES;
				CLANG_WARN_BOOL_CONVERSION = YES;
				CLANG_WARN_CONSTANT_CONVERSION = YES;
				CLANG_WARN_DIRECT_OBJC_ISA_USAGE = YES_ERROR;
				CLANG_WARN_EMPTY_BODY = YES;
				CLANG_WARN_ENUM_CONVERSION = YES;
				CLANG_WARN_INT_CONVERSION = YES;
				CLANG_WARN_OBJC_ROOT_CLASS = YES_ERROR;
				CLANG_WARN_UNREACHABLE_CODE = YES;
				CLANG_WARN__DUPLICATE_METHOD_MATCH = YES;
				"CODE_SIGN_IDENTITY[sdk=iphoneos*]" = "iPhone Developer";
				COPY_PHASE_STRIP = NO;
				DEBUG_INFORMATION_FORMAT = "dwarf-with-dsym";
				ENABLE_NS_ASSERTIONS = NO;
				ENABLE_STRICT_OBJC_MSGSEND = YES;
				GCC_C_LANGUAGE_STANDARD = gnu99;
				GCC_NO_COMMON_BLOCKS = YES;
				GCC_WARN_64_TO_32_BIT_CONVERSION = YES;
				GCC_WARN_ABOUT_RETURN_TYPE = YES_ERROR;
				GCC_WARN_UNDECLARED_SELECTOR = YES;
				GCC_WARN_UNINITIALIZED_AUTOS = YES_AGGRESSIVE;
				GCC_WARN_UNUSED_FUNCTION = YES;
				GCC_WARN_UNUSED_VARIABLE = YES;
				IPHONEOS_DEPLOYMENT_TARGET = 9.2;
				MTL_ENABLE_DEBUG_INFO = NO;
				SDKROOT = iphoneos;
				TARGETED_DEVICE_FAMILY = "1,2";
				VALIDATE_PRODUCT = YES;
			};
			name = Release;
		};
		FBD40E201C8D7CC0006B7404 /* Debug */ = {
			isa = XCBuildConfiguration;
			buildSettings = {
				ASSETCATALOG_COMPILER_APPICON_NAME = AppIcon;
				CODE_SIGN_IDENTITY = "iPhone Developer";
				INFOPLIST_FILE = "YUSIR微博客户端2.0/Info.plist";
				LD_RUNPATH_SEARCH_PATHS = "$(inherited) @executable_path/Frameworks";
				PRODUCT_BUNDLE_IDENTIFIER = "com.yusir.weibo.YUSIR-----2";
				PRODUCT_NAME = "$(TARGET_NAME)";
			};
			name = Debug;
		};
		FBD40E211C8D7CC0006B7404 /* Release */ = {
			isa = XCBuildConfiguration;
			buildSettings = {
				ASSETCATALOG_COMPILER_APPICON_NAME = AppIcon;
				CODE_SIGN_IDENTITY = "iPhone Developer";
				INFOPLIST_FILE = "YUSIR微博客户端2.0/Info.plist";
				LD_RUNPATH_SEARCH_PATHS = "$(inherited) @executable_path/Frameworks";
				PRODUCT_BUNDLE_IDENTIFIER = "com.yusir.weibo.YUSIR-----2";
				PRODUCT_NAME = "$(TARGET_NAME)";
			};
			name = Release;
		};
		FBD40E231C8D7CC0006B7404 /* Debug */ = {
			isa = XCBuildConfiguration;
			buildSettings = {
				BUNDLE_LOADER = "$(TEST_HOST)";
				INFOPLIST_FILE = "YUSIR微博客户端2.0Tests/Info.plist";
				LD_RUNPATH_SEARCH_PATHS = "$(inherited) @executable_path/Frameworks @loader_path/Frameworks";
				PRODUCT_BUNDLE_IDENTIFIER = "com.yusir.weibo.YUSIR-----2-0Tests";
				PRODUCT_NAME = "$(TARGET_NAME)";
				TEST_HOST = "$(BUILT_PRODUCTS_DIR)/YUSIR微博客户端2.0.app/YUSIR微博客户端2.0";
			};
			name = Debug;
		};
		FBD40E241C8D7CC0006B7404 /* Release */ = {
			isa = XCBuildConfiguration;
			buildSettings = {
				BUNDLE_LOADER = "$(TEST_HOST)";
				INFOPLIST_FILE = "YUSIR微博客户端2.0Tests/Info.plist";
				LD_RUNPATH_SEARCH_PATHS = "$(inherited) @executable_path/Frameworks @loader_path/Frameworks";
				PRODUCT_BUNDLE_IDENTIFIER = "com.yusir.weibo.YUSIR-----2-0Tests";
				PRODUCT_NAME = "$(TARGET_NAME)";
				TEST_HOST = "$(BUILT_PRODUCTS_DIR)/YUSIR微博客户端2.0.app/YUSIR微博客户端2.0";
			};
			name = Release;
		};
		FBD40E261C8D7CC0006B7404 /* Debug */ = {
			isa = XCBuildConfiguration;
			buildSettings = {
				INFOPLIST_FILE = "YUSIR微博客户端2.0UITests/Info.plist";
				LD_RUNPATH_SEARCH_PATHS = "$(inherited) @executable_path/Frameworks @loader_path/Frameworks";
				PRODUCT_BUNDLE_IDENTIFIER = "com.yusir.weibo.YUSIR-----2-0UITests";
				PRODUCT_NAME = "$(TARGET_NAME)";
				TEST_TARGET_NAME = "YUSIR微博客户端2.0";
				USES_XCTRUNNER = YES;
			};
			name = Debug;
		};
		FBD40E271C8D7CC0006B7404 /* Release */ = {
			isa = XCBuildConfiguration;
			buildSettings = {
				INFOPLIST_FILE = "YUSIR微博客户端2.0UITests/Info.plist";
				LD_RUNPATH_SEARCH_PATHS = "$(inherited) @executable_path/Frameworks @loader_path/Frameworks";
				PRODUCT_BUNDLE_IDENTIFIER = "com.yusir.weibo.YUSIR-----2-0UITests";
				PRODUCT_NAME = "$(TARGET_NAME)";
				TEST_TARGET_NAME = "YUSIR微博客户端2.0";
				USES_XCTRUNNER = YES;
			};
			name = Release;
		};
/* End XCBuildConfiguration section */

/* Begin XCConfigurationList section */
		FBD40DED1C8D7CC0006B7404 /* Build configuration list for PBXProject "YUSIR微博客户端2.0" */ = {
			isa = XCConfigurationList;
			buildConfigurations = (
				FBD40E1D1C8D7CC0006B7404 /* Debug */,
				FBD40E1E1C8D7CC0006B7404 /* Release */,
			);
			defaultConfigurationIsVisible = 0;
			defaultConfigurationName = Release;
		};
		FBD40E1F1C8D7CC0006B7404 /* Build configuration list for PBXNativeTarget "YUSIR微博客户端2.0" */ = {
			isa = XCConfigurationList;
			buildConfigurations = (
				FBD40E201C8D7CC0006B7404 /* Debug */,
				FBD40E211C8D7CC0006B7404 /* Release */,
			);
			defaultConfigurationIsVisible = 0;
			defaultConfigurationName = Release;
		};
		FBD40E221C8D7CC0006B7404 /* Build configuration list for PBXNativeTarget "YUSIR微博客户端2.0Tests" */ = {
			isa = XCConfigurationList;
			buildConfigurations = (
				FBD40E231C8D7CC0006B7404 /* Debug */,
				FBD40E241C8D7CC0006B7404 /* Release */,
			);
			defaultConfigurationIsVisible = 0;
			defaultConfigurationName = Release;
		};
		FBD40E251C8D7CC0006B7404 /* Build configuration list for PBXNativeTarget "YUSIR微博客户端2.0UITests" */ = {
			isa = XCConfigurationList;
			buildConfigurations = (
				FBD40E261C8D7CC0006B7404 /* Debug */,
				FBD40E271C8D7CC0006B7404 /* Release */,
			);
			defaultConfigurationIsVisible = 0;
			defaultConfigurationName = Release;
		};
/* End XCConfigurationList section */
	};
	rootObject = FBD40DEA1C8D7CC0006B7404 /* Project object */;
}
